
Microsoft Visual Studio Solution File, Format Version 9.00
# Visual C++ Express 2005
Project("{8BC9CEB8-8B4A-11D0-8D11-00A0C91BC942}") = "pak2tim", "pak2tim.vcproj", "{8768E69E-8880-42E9-B19D-5BC588175D7D}"
EndProject
Project("{8BC9CEB8-8B4A-11D0-8D11-00A0C91BC942}") = "bss2bmp", "bss2bmp.vcproj", "{C3CCD7E4-9105-4C8B-B3DE-484982DAAC4F}"
EndProject
Project("{8BC9CEB8-8B4A-11D0-8D11-00A0C91BC942}") = "adt2img", "adt2img.vcproj", "{86F98909-26FC-44C4-83A3-71E3BDC6CEF9}"
EndProject
Project("{8BC9CEB8-8B4A-11D0-8D11-00A0C91BC942}") = "pix2bmp", "pix2bmp.vcproj", "{A8B670D9-5052-45D6-8095-E065BC60E295}"
EndProject
Project("{8BC9CEB8-8B4A-11D0-8D11-00A0C91BC942}") = "rgb2bmp", "rgb2bmp.vcproj", "{AE050A4D-9CF2-45A4-A9AB-D122A2B1519F}"
EndProject
Project("{8BC9CEB8-8B4A-11D0-8D11-00A0C91BC942}") = "ptc2bmp", "ptc2bmp.vcproj", "{B5F97DE2-5C16-4F08-87BA-5C4172B49E09}"
EndProject
Project("{8BC9CEB8-8B4A-11D0-8D11-00A0C91BC942}") = "rofs", "rofs.vcproj", "{6E7C2D62-E1DA-4593-AB5D-55A0FE507F91}"
EndProject
Project("{8BC9CEB8-8B4A-11D0-8D11-00A0C91BC942}") = "sld", "sld.vcproj", "{2413DE52-3A7E-4F29-8694-80C2A8261242}"
EndProject
Project("{8BC9CEB8-8B4A-11D0-8D11-00A0C91BC942}") = "extract_bin", "extract_bin.vcproj", "{24245AB7-68B6-42E0-BEBD-4E590B30DB18}"
EndProject
Project("{8BC9CEB8-8B4A-11D0-8D11-00A0C91BC942}") = "iso_search", "iso_search.vcproj", "{8B2A2A08-F2F8-4A4F-9AE5-1B8106182158}"
EndProject
Global
	GlobalSection(SolutionConfigurationPlatforms) = preSolution
		Debug|Win32 = Debug|Win32
		Release|Win32 = Release|Win32
	EndGlobalSection
	GlobalSection(ProjectConfigurationPlatforms) = postSolution
		{8768E69E-8880-42E9-B19D-5BC588175D7D}.Debug|Win32.ActiveCfg = Debug|Win32
		{8768E69E-8880-42E9-B19D-5BC588175D7D}.Debug|Win32.Build.0 = Debug|Win32
		{8768E69E-8880-42E9-B19D-5BC588175D7D}.Release|Win32.ActiveCfg = Release|Win32
		{8768E69E-8880-42E9-B19D-5BC588175D7D}.Release|Win32.Build.0 = Release|Win32
		{C3CCD7E4-9105-4C8B-B3DE-484982DAAC4F}.Debug|Win32.ActiveCfg = Debug|Win32
		{C3CCD7E4-9105-4C8B-B3DE-484982DAAC4F}.Debug|Win32.Build.0 = Debug|Win32
		{C3CCD7E4-9105-4C8B-B3DE-484982DAAC4F}.Release|Win32.ActiveCfg = Release|Win32
		{C3CCD7E4-9105-4C8B-B3DE-484982DAAC4F}.Release|Win32.Build.0 = Release|Win32
		{86F98909-26FC-44C4-83A3-71E3BDC6CEF9}.Debug|Win32.ActiveCfg = Debug|Win32
		{86F98909-26FC-44C4-83A3-71E3BDC6CEF9}.Debug|Win32.Build.0 = Debug|Win32
		{86F98909-26FC-44C4-83A3-71E3BDC6CEF9}.Release|Win32.ActiveCfg = Release|Win32
		{86F98909-26FC-44C4-83A3-71E3BDC6CEF9}.Release|Win32.Build.0 = Release|Win32
		{A8B670D9-5052-45D6-8095-E065BC60E295}.Debug|Win32.ActiveCfg = Debug|Win32
		{A8B670D9-5052-45D6-8095-E065BC60E295}.Debug|Win32.Build.0 = Debug|Win32
		{A8B670D9-5052-45D6-8095-E065BC60E295}.Release|Win32.ActiveCfg = Release|Win32
		{A8B670D9-5052-45D6-8095-E065BC60E295}.Release|Win32.Build.0 = Release|Win32
		{AE050A4D-9CF2-45A4-A9AB-D122A2B1519F}.Debug|Win32.ActiveCfg = Debug|Win32
		{AE050A4D-9CF2-45A4-A9AB-D122A2B1519F}.Debug|Win32.Build.0 = Debug|Win32
		{AE050A4D-9CF2-45A4-A9AB-D122A2B1519F}.Release|Win32.ActiveCfg = Release|Win32
		{AE050A4D-9CF2-45A4-A9AB-D122A2B1519F}.Release|Win32.Build.0 = Release|Win32
		{B5F97DE2-5C16-4F08-87BA-5C4172B49E09}.Debug|Win32.ActiveCfg = Debug|Win32
		{B5F97DE2-5C16-4F08-87BA-5C4172B49E09}.Debug|Win32.Build.0 = Debug|Win32
		{B5F97DE2-5C16-4F08-87BA-5C4172B49E09}.Release|Win32.ActiveCfg = Release|Win32
		{B5F97DE2-5C16-4F08-87BA-5C4172B49E09}.Release|Win32.Build.0 = Release|Win32
		{6E7C2D62-E1DA-4593-AB5D-55A0FE507F91}.Debug|Win32.ActiveCfg = Debug|Win32
		{6E7C2D62-E1DA-4593-AB5D-55A0FE507F91}.Debug|Win32.Build.0 = Debug|Win32
		{6E7C2D62-E1DA-4593-AB5D-55A0FE507F91}.Release|Win32.ActiveCfg = Release|Win32
		{6E7C2D62-E1DA-4593-AB5D-55A0FE507F91}.Release|Win32.Build.0 = Release|Win32
		{2413DE52-3A7E-4F29-8694-80C2A8261242}.Debug|Win32.ActiveCfg = Debug|Win32
		{2413DE52-3A7E-4F29-8694-80C2A8261242}.Debug|Win32.Build.0 = Debug|Win32
		{2413DE52-3A7E-4F29-8694-80C2A8261242}.Release|Win32.ActiveCfg = Release|Win32
		{2413DE52-3A7E-4F29-8694-80C2A8261242}.Release|Win32.Build.0 = Release|Win32
		{24245AB7-68B6-42E0-BEBD-4E590B30DB18}.Debug|Win32.ActiveCfg = Debug|Win32
		{24245AB7-68B6-42E0-BEBD-4E590B30DB18}.Debug|Win32.Build.0 = Debug|Win32
		{24245AB7-68B6-42E0-BEBD-4E590B30DB18}.Release|Win32.ActiveCfg = Release|Win32
		{24245AB7-68B6-42E0-BEBD-4E590B30DB18}.Release|Win32.Build.0 = Release|Win32
		{8B2A2A08-F2F8-4A4F-9AE5-1B8106182158}.Debug|Win32.ActiveCfg = Debug|Win32
		{8B2A2A08-F2F8-4A4F-9AE5-1B8106182158}.Debug|Win32.Build.0 = Debug|Win32
		{8B2A2A08-F2F8-4A4F-9AE5-1B8106182158}.Release|Win32.ActiveCfg = Release|Win32
		{8B2A2A08-F2F8-4A4F-9AE5-1B8106182158}.Release|Win32.Build.0 = Release|Win32
	EndGlobalSection
	GlobalSection(SolutionProperties) = preSolution
		HideSolutionNode = FALSE
	EndGlobalSection
EndGlobal
